// !$*UTF8*$!
{
	archiveVersion = 1;
	classes = {
	};
	objectVersion = 50;
	objects = {

/* Begin PBXBuildFile section */
		1A54E4AF22769D2200AF3887 /* AppDelegate.swift in Sources */ = {isa = PBXBuildFile; fileRef = 1A54E4AE22769D2200AF3887 /* AppDelegate.swift */; };
		1A54E4B122769D2200AF3887 /* ViewController.swift in Sources */ = {isa = PBXBuildFile; fileRef = 1A54E4B022769D2200AF3887 /* ViewController.swift */; };
		1A54E4B422769D2200AF3887 /* Main.storyboard in Resources */ = {isa = PBXBuildFile; fileRef = 1A54E4B222769D2200AF3887 /* Main.storyboard */; };
		1A54E4B622769D2300AF3887 /* Assets.xcassets in Resources */ = {isa = PBXBuildFile; fileRef = 1A54E4B522769D2300AF3887 /* Assets.xcassets */; };
		1A54E4B922769D2300AF3887 /* LaunchScreen.storyboard in Resources */ = {isa = PBXBuildFile; fileRef = 1A54E4B722769D2300AF3887 /* LaunchScreen.storyboard */; };
		1A54E4C622769E2300AF3887 /* RadiusExtention.swift in Sources */ = {isa = PBXBuildFile; fileRef = 1A54E4C522769E2300AF3887 /* RadiusExtention.swift */; };
		720347AF67C76A0225C58847 /* Pods_XKCornerRadius_swift.framework in Frameworks */ = {isa = PBXBuildFile; fileRef = 6F40EF12AA071F8090BE60C7 /* Pods_XKCornerRadius_swift.framework */; };
/* End PBXBuildFile section */

/* Begin PBXFileReference section */
		1A54E4AB22769D2200AF3887 /* XKCornerRadius-swift.app */ = {isa = PBXFileReference; explicitFileType = wrapper.application; includeInIndex = 0; path = "XKCornerRadius-swift.app"; sourceTree = BUILT_PRODUCTS_DIR; };
		1A54E4AE22769D2200AF3887 /* AppDelegate.swift */ = {isa = PBXFileReference; lastKnownFileType = sourcecode.swift; path = AppDelegate.swift; sourceTree = "<group>"; };
		1A54E4B022769D2200AF3887 /* ViewController.swift */ = {isa = PBXFileReference; lastKnownFileType = sourcecode.swift; path = ViewController.swift; sourceTree = "<group>"; };
		1A54E4B322769D2200AF3887 /* Base */ = {isa = PBXFileReference; lastKnownFileType = file.storyboard; name = Base; path = Base.lproj/Main.storyboard; sourceTree = "<group>"; };
		1A54E4B522769D2300AF3887 /* Assets.xcassets */ = {isa = PBXFileReference; lastKnownFileType = folder.assetcatalog; path = Assets.xcassets; sourceTree = "<group>"; };
		1A54E4B822769D2300AF3887 /* Base */ = {isa = PBXFileReference; lastKnownFileType = file.storyboard; name = Base; path = Base.lproj/LaunchScreen.storyboard; sourceTree = "<group>"; };
		1A54E4BA22769D2300AF3887 /* Info.plist */ = {isa = PBXFileReference; lastKnownFileType = text.plist.xml; path = Info.plist; sourceTree = "<group>"; };
		1A54E4C522769E2300AF3887 /* RadiusExtention.swift */ = {isa = PBXFileReference; lastKnownFileType = sourcecode.swift; path = RadiusExtention.swift; sourceTree = "<group>"; };
		4E65B82DD712AFC8CF49D377 /* Pods-XKCornerRadius-swift.release.xcconfig */ = {isa = PBXFileReference; includeInIndex = 1; lastKnownFileType = text.xcconfig; name = "Pods-XKCornerRadius-swift.release.xcconfig"; path = "Target Support Files/Pods-XKCornerRadius-swift/Pods-XKCornerRadius-swift.release.xcconfig"; sourceTree = "<group>"; };
		6F40EF12AA071F8090BE60C7 /* Pods_XKCornerRadius_swift.framework */ = {isa = PBXFileReference; explicitFileType = wrapper.framework; includeInIndex = 0; path = Pods_XKCornerRadius_swift.framework; sourceTree = BUILT_PRODUCTS_DIR; };
		BC4E885D447EA7031FFD125F /* Pods-XKCornerRadius-swift.debug.xcconfig */ = {isa = PBXFileReference; includeInIndex = 1; lastKnownFileType = text.xcconfig; name = "Pods-XKCornerRadius-swift.debug.xcconfig"; path = "Target Support Files/Pods-XKCornerRadius-swift/Pods-XKCornerRadius-swift.debug.xcconfig"; sourceTree = "<group>"; };
/* End PBXFileReference section */

/* Begin PBXFrameworksBuildPhase section */
		1A54E4A822769D2200AF3887 /* Frameworks */ = {
			isa = PBXFrameworksBuildPhase;
			buildActionMask = 2147483647;
			files = (
				720347AF67C76A0225C58847 /* Pods_XKCornerRadius_swift.framework in Frameworks */,
			);
			runOnlyForDeploymentPostprocessing = 0;
		};
/* End PBXFrameworksBuildPhase section */

/* Begin PBXGroup section */
		1A54E4A222769D2200AF3887 = {
			isa = PBXGroup;
			children = (
				1A54E4AD22769D2200AF3887 /* XKCornerRadius-swift */,
				1A54E4AC22769D2200AF3887 /* Products */,
				43D9C7B87E675FCB695E6CEE /* Pods */,
				C184331D3CD8ACBDF5EDA002 /* Frameworks */,
			);
			sourceTree = "<group>";
		};
		1A54E4AC22769D2200AF3887 /* Products */ = {
			isa = PBXGroup;
			children = (
				1A54E4AB22769D2200AF3887 /* XKCornerRadius-swift.app */,
			);
			name = Products;
			sourceTree = "<group>";
		};
		1A54E4AD22769D2200AF3887 /* XKCornerRadius-swift */ = {
			isa = PBXGroup;
			children = (
				1A54E4C022769DC700AF3887 /* XKCornerRadius */,
				1A54E4AE22769D2200AF3887 /* AppDelegate.swift */,
				1A54E4B022769D2200AF3887 /* ViewController.swift */,
				1A54E4B222769D2200AF3887 /* Main.storyboard */,
				1A54E4B522769D2300AF3887 /* Assets.xcassets */,
				1A54E4B722769D2300AF3887 /* LaunchScreen.storyboard */,
				1A54E4BA22769D2300AF3887 /* Info.plist */,
			);
			path = "XKCornerRadius-swift";
			sourceTree = "<group>";
		};
		1A54E4C022769DC700AF3887 /* XKCornerRadius */ = {
			isa = PBXGroup;
			children = (
				1A54E4C122769DC700AF3887 /* Classes */,
			);
			path = XKCornerRadius;
			sourceTree = SOURCE_ROOT;
		};
		1A54E4C122769DC700AF3887 /* Classes */ = {
			isa = PBXGroup;
			children = (
				1A54E4C522769E2300AF3887 /* RadiusExtention.swift */,
			);
			path = Classes;
			sourceTree = "<group>";
		};
		43D9C7B87E675FCB695E6CEE /* Pods */ = {
			isa = PBXGroup;
			children = (
				BC4E885D447EA7031FFD125F /* Pods-XKCornerRadius-swift.debug.xcconfig */,
				4E65B82DD712AFC8CF49D377 /* Pods-XKCornerRadius-swift.release.xcconfig */,
			);
			path = Pods;
			sourceTree = "<group>";
		};
		C184331D3CD8ACBDF5EDA002 /* Frameworks */ = {
			isa = PBXGroup;
			children = (
				6F40EF12AA071F8090BE60C7 /* Pods_XKCornerRadius_swift.framework */,
			);
			name = Frameworks;
			sourceTree = "<group>";
		};
/* End PBXGroup section */

/* Begin PBXNativeTarget section */
		1A54E4AA22769D2200AF3887 /* XKCornerRadius-swift */ = {
			isa = PBXNativeTarget;
			buildConfigurationList = 1A54E4BD22769D2300AF3887 /* Build configuration list for PBXNativeTarget "XKCornerRadius-swift" */;
			buildPhases = (
				443BCD02B2BD312167C1AC19 /* [CP] Check Pods Manifest.lock */,
				1A54E4A722769D2200AF3887 /* Sources */,
				1A54E4A822769D2200AF3887 /* Frameworks */,
				1A54E4A922769D2200AF3887 /* Resources */,
			);
			buildRules = (
			);
			dependencies = (
			);
			name = "XKCornerRadius-swift";
			productName = "XKCornerRadius-swift";
			productReference = 1A54E4AB22769D2200AF3887 /* XKCornerRadius-swift.app */;
			productType = "com.apple.product-type.application";
		};
/* End PBXNativeTarget section */

/* Begin PBXProject section */
		1A54E4A322769D2200AF3887 /* Project object */ = {
			isa = PBXProject;
			attributes = {
				LastSwiftUpdateCheck = 1010;
				LastUpgradeCheck = 1010;
				ORGANIZATIONNAME = Jamesholy;
				TargetAttributes = {
					1A54E4AA22769D2200AF3887 = {
						CreatedOnToolsVersion = 10.1;
					};
				};
			};
			buildConfigurationList = 1A54E4A622769D2200AF3887 /* Build configuration list for PBXProject "XKCornerRadius-swift" */;
			compatibilityVersion = "Xcode 9.3";
			developmentRegion = en;
			hasScannedForEncodings = 0;
			knownRegions = (
				en,
				Base,
			);
			mainGroup = 1A54E4A222769D2200AF3887;
			productRefGroup = 1A54E4AC22769D2200AF3887 /* Products */;
			projectDirPath = "";
			projectRoot = "";
			targets = (
				1A54E4AA22769D2200AF3887 /* XKCornerRadius-swift */,
			);
		};
/* End PBXProject section */

/* Begin PBXResourcesBuildPhase section */
		1A54E4A922769D2200AF3887 /* Resources */ = {
			isa = PBXResourcesBuildPhase;
			buildActionMask = 2147483647;
			files = (
				1A54E4B922769D2300AF3887 /* LaunchScreen.storyboard in Resources */,
				1A54E4B622769D2300AF3887 /* Assets.xcassets in Resources */,
				1A54E4B422769D2200AF3887 /* Main.storyboard in Resources */,
			);
			runOnlyForDeploymentPostprocessing = 0;
		};
/* End PBXResourcesBuildPhase section */

/* Begin PBXShellScriptBuildPhase section */
		443BCD02B2BD312167C1AC19 /* [CP] Check Pods Manifest.lock */ = {
			isa = PBXShellScriptBuildPhase;
			buildActionMask = 2147483647;
			files = (
			);
			inputFileListPaths = (
			);
			inputPaths = (
				"${PODS_PODFILE_DIR_PATH}/Podfile.lock",
				"${PODS_ROOT}/Manifest.lock",
			);
			name = "[CP] Check Pods Manifest.lock";
			outputFileListPaths = (
			);
			outputPaths = (
				"$(DERIVED_FILE_DIR)/Pods-XKCornerRadius-swift-checkManifestLockResult.txt",
			);
			runOnlyForDeploymentPostprocessing = 0;
			shellPath = /bin/sh;
			shellScript = "diff \"${PODS_PODFILE_DIR_PATH}/Podfile.lock\" \"${PODS_ROOT}/Manifest.lock\" > /dev/null\nif [ $? != 0 ] ; then\n    # print error to STDERR\n    echo \"error: The sandbox is not in sync with the Podfile.lock. Run 'pod install' or update your CocoaPods installation.\" >&2\n    exit 1\nfi\n# This output is used by Xcode 'outputs' to avoid re-running this script phase.\necho \"SUCCESS\" > \"${SCRIPT_OUTPUT_FILE_0}\"\n";
			showEnvVarsInLog = 0;
		};
/* End PBXShellScriptBuildPhase section */

/* Begin PBXSourcesBuildPhase section */
		1A54E4A722769D2200AF3887 /* Sources */ = {
			isa = PBXSourcesBuildPhase;
			buildActionMask = 2147483647;
			files = (
				1A54E4B122769D2200AF3887 /* ViewController.swift in Sources */,
				1A54E4C622769E2300AF3887 /* RadiusExtention.swift in Sources */,
				1A54E4AF22769D2200AF3887 /* AppDelegate.swift in Sources */,
			);
			runOnlyForDeploymentPostprocessing = 0;
		};
/* End PBXSourcesBuildPhase section */

/* Begin PBXVariantGroup section */
		1A54E4B222769D2200AF3887 /* Main.storyboard */ = {
			isa = PBXVariantGroup;
			children = (
				1A54E4B322769D2200AF3887 /* Base */,
			);
			name = Main.storyboard;
			sourceTree = "<group>";
		};
		1A54E4B722769D2300AF3887 /* LaunchScreen.storyboard */ = {
			isa = PBXVariantGroup;
			children = (
				1A54E4B822769D2300AF3887 /* Base */,
			);
			name = LaunchScreen.storyboard;
			sourceTree = "<group>";
		};
/* End PBXVariantGroup section */

/* Begin XCBuildConfiguration section */
		1A54E4BB22769D2300AF3887 /* Debug */ = {
			isa = XCBuildConfiguration;
			buildSettings = {
				ALWAYS_SEARCH_USER_PATHS = NO;
				CLANG_ANALYZER_NONNULL = YES;
				CLANG_ANALYZER_NUMBER_OBJECT_CONVERSION = YES_AGGRESSIVE;
				CLANG_CXX_LANGUAGE_STANDARD = "gnu++14";
				CLANG_CXX_LIBRARY = "libc++";
				CLANG_ENABLE_MODULES = YES;
				CLANG_ENABLE_OBJC_ARC = YES;
				CLANG_ENABLE_OBJC_WEAK = YES;
				CLANG_WARN_BLOCK_CAPTURE_AUTORELEASING = YES;
				CLANG_WARN_BOOL_CONVERSION = YES;
				CLANG_WARN_COMMA = YES;
				CLANG_WARN_CONSTANT_CONVERSION = YES;
				CLANG_WARN_DEPRECATED_OBJC_IMPLEMENTATIONS = YES;
				CLANG_WARN_DIRECT_OBJC_ISA_USAGE = YES_ERROR;
				CLANG_WARN_DOCUMENTATION_COMMENTS = YES;
				CLANG_WARN_EMPTY_BODY = YES;
				CLANG_WARN_ENUM_CONVERSION = YES;
				CLANG_WARN_INFINITE_RECURSION = YES;
				CLANG_WARN_INT_CONVERSION = YES;
				CLANG_WARN_NON_LITERAL_NULL_CONVERSION = YES;
				CLANG_WARN_OBJC_IMPLICIT_RETAIN_SELF = YES;
				CLANG_WARN_OBJC_LITERAL_CONVERSION = YES;
				CLANG_WARN_OBJC_ROOT_CLASS = YES_ERROR;
				CLANG_WARN_RANGE_LOOP_ANALYSIS = YES;
				CLANG_WARN_STRICT_PROTOTYPES = YES;
				CLANG_WARN_SUSPICIOUS_MOVE = YES;
				CLANG_WARN_UNGUARDED_AVAILABILITY = YES_AGGRESSIVE;
				CLANG_WARN_UNREACHABLE_CODE = YES;
				CLANG_WARN__DUPLICATE_METHOD_MATCH = YES;
				CODE_SIGN_IDENTITY = "iPhone Developer";
				COPY_PHASE_STRIP = NO;
				DEBUG_INFORMATION_FORMAT = dwarf;
				ENABLE_STRICT_OBJC_MSGSEND = YES;
				ENABLE_TESTABILITY = YES;
				GCC_C_LANGUAGE_STANDARD = gnu11;
				GCC_DYNAMIC_NO_PIC = NO;
				GCC_NO_COMMON_BLOCKS = YES;
				GCC_OPTIMIZATION_LEVEL = 0;
				GCC_PREPROCESSOR_DEFINITIONS = (
					"DEBUG=1",
					"$(inherited)",
				);
				GCC_WARN_64_TO_32_BIT_CONVERSION = YES;
				GCC_WARN_ABOUT_RETURN_TYPE = YES_ERROR;
				GCC_WARN_UNDECLARED_SELECTOR = YES;
				GCC_WARN_UNINITIALIZED_AUTOS = YES_AGGRESSIVE;
				GCC_WARN_UNUSED_FUNCTION = YES;
				GCC_WARN_UNUSED_VARIABLE = YES;
				IPHONEOS_DEPLOYMENT_TARGET = 12.1;
				MTL_ENABLE_DEBUG_INFO = INCLUDE_SOURCE;
				MTL_FAST_MATH = YES;
				ONLY_ACTIVE_ARCH = YES;
				SDKROOT = iphoneos;
				SWIFT_ACTIVE_COMPILATION_CONDITIONS = DEBUG;
				SWIFT_OPTIMIZATION_LEVEL = "-Onone";
			};
			name = Debug;
		};
		1A54E4BC22769D2300AF3887 /* Release */ = {
			isa = XCBuildConfiguration;
			buildSettings = {
				ALWAYS_SEARCH_USER_PATHS = NO;
				CLANG_ANALYZER_NONNULL = YES;
				CLANG_ANALYZER_NUMBER_OBJECT_CONVERSION = YES_AGGRESSIVE;
				CLANG_CXX_LANGUAGE_STANDARD = "gnu++14";
				CLANG_CXX_LIBRARY = "libc++";
				CLANG_ENABLE_MODULES = YES;
				CLANG_ENABLE_OBJC_ARC = YES;
				CLANG_ENABLE_OBJC_WEAK = YES;
				CLANG_WARN_BLOCK_CAPTURE_AUTORELEASING = YES;
				CLANG_WARN_BOOL_CONVERSION = YES;
				CLANG_WARN_COMMA = YES;
				CLANG_WARN_CONSTANT_CONVERSION = YES;
				CLANG_WARN_DEPRECATED_OBJC_IMPLEMENTATIONS = YES;
				CLANG_WARN_DIRECT_OBJC_ISA_USAGE = YES_ERROR;
				CLANG_WARN_DOCUMENTATION_COMMENTS = YES;
				CLANG_WARN_EMPTY_BODY = YES;
				CLANG_WARN_ENUM_CONVERSION = YES;
				CLANG_WARN_INFINITE_RECURSION = YES;
				CLANG_WARN_INT_CONVERSION = YES;
				CLANG_WARN_NON_LITERAL_NULL_CONVERSION = YES;
				CLANG_WARN_OBJC_IMPLICIT_RETAIN_SELF = YES;
				CLANG_WARN_OBJC_LITERAL_CONVERSION = YES;
				CLANG_WARN_OBJC_ROOT_CLASS = YES_ERROR;
				CLANG_WARN_RANGE_LOOP_ANALYSIS = YES;
				CLANG_WARN_STRICT_PROTOTYPES = YES;
				CLANG_WARN_SUSPICIOUS_MOVE = YES;
				CLANG_WARN_UNGUARDED_AVAILABILITY = YES_AGGRESSIVE;
				CLANG_WARN_UNREACHABLE_CODE = YES;
				CLANG_WARN__DUPLICATE_METHOD_MATCH = YES;
				CODE_SIGN_IDENTITY = "iPhone Developer";
				COPY_PHASE_STRIP = NO;
				DEBUG_INFORMATION_FORMAT = "dwarf-with-dsym";
				ENABLE_NS_ASSERTIONS = NO;
				ENABLE_STRICT_OBJC_MSGSEND = YES;
				GCC_C_LANGUAGE_STANDARD = gnu11;
				GCC_NO_COMMON_BLOCKS = YES;
				GCC_WARN_64_TO_32_BIT_CONVERSION = YES;
				GCC_WARN_ABOUT_RETURN_TYPE = YES_ERROR;
				GCC_WARN_UNDECLARED_SELECTOR = YES;
				GCC_WARN_UNINITIALIZED_AUTOS = YES_AGGRESSIVE;
				GCC_WARN_UNUSED_FUNCTION = YES;
				GCC_WARN_UNUSED_VARIABLE = YES;
				IPHONEOS_DEPLOYMENT_TARGET = 12.1;
				MTL_ENABLE_DEBUG_INFO = NO;
				MTL_FAST_MATH = YES;
				SDKROOT = iphoneos;
				SWIFT_COMPILATION_MODE = wholemodule;
				SWIFT_OPTIMIZATION_LEVEL = "-O";
				VALIDATE_PRODUCT = YES;
			};
			name = Release;
		};
		1A54E4BE22769D2300AF3887 /* Debug */ = {
			isa = XCBuildConfiguration;
			baseConfigurationReference = BC4E885D447EA7031FFD125F /* Pods-XKCornerRadius-swift.debug.xcconfig */;
			buildSettings = {
				ASSETCATALOG_COMPILER_APPICON_NAME = AppIcon;
				CODE_SIGN_STYLE = Automatic;
				INFOPLIST_FILE = "XKCornerRadius-swift/Info.plist";
				IPHONEOS_DEPLOYMENT_TARGET = 10.0;
				LD_RUNPATH_SEARCH_PATHS = (
					"$(inherited)",
					"@executable_path/Frameworks",
				);
				PRODUCT_BUNDLE_IDENTIFIER = "code.XKCornerRadius-swift";
				PRODUCT_NAME = "$(TARGET_NAME)";
				SWIFT_VERSION = 4.0;
				TARGETED_DEVICE_FAMILY = "1,2";
			};
			name = Debug;
		};
		1A54E4BF22769D2300AF3887 /* Release */ = {
			isa = XCBuildConfiguration;
			baseConfigurationReference = 4E65B82DD712AFC8CF49D377 /* Pods-XKCornerRadius-swift.release.xcconfig */;
			buildSettings = {
				ASSETCATALOG_COMPILER_APPICON_NAME = AppIcon;
				CODE_SIGN_STYLE = Automatic;
				INFOPLIST_FILE = "XKCornerRadius-swift/Info.plist";
				IPHONEOS_DEPLOYMENT_TARGET = 10.0;
				LD_RUNPATH_SEARCH_PATHS = (
					"$(inherited)",
					"@executable_path/Frameworks",
				);
				PRODUCT_BUNDLE_IDENTIFIER = "code.XKCornerRadius-swift";
				PRODUCT_NAME = "$(TARGET_NAME)";
				SWIFT_VERSION = 4.0;
				TARGETED_DEVICE_FAMILY = "1,2";
			};
			name = Release;
		};
/* End XCBuildConfiguration section */

/* Begin XCConfigurationList section */
		1A54E4A622769D2200AF3887 /* Build configuration list for PBXProject "XKCornerRadius-swift" */ = {
			isa = XCConfigurationList;
			buildConfigurations = (
				1A54E4BB22769D2300AF3887 /* Debug */,
				1A54E4BC22769D2300AF3887 /* Release */,
			);
			defaultConfigurationIsVisible = 0;
			defaultConfigurationName = Release;
		};
		1A54E4BD22769D2300AF3887 /* Build configuration list for PBXNativeTarget "XKCornerRadius-swift" */ = {
			isa = XCConfigurationList;
			buildConfigurations = (
				1A54E4BE22769D2300AF3887 /* Debug */,
				1A54E4BF22769D2300AF3887 /* Release */,
			);
			defaultConfigurationIsVisible = 0;
			defaultConfigurationName = Release;
		};
/* End XCConfigurationList section */
	};
	rootObject = 1A54E4A322769D2200AF3887 /* Project object */;
}
